
Microsoft Visual Studio Solution File, Format Version 12.00
# Visual Studio Version 17
VisualStudioVersion = 17.4.33403.182
MinimumVisualStudioVersion = 10.0.40219.1
Project("{FAE04EC0-301F-11D3-BF4B-00C04F79EFBC}") = "AppShop", "AppShop\AppShop.csproj", "{912A6F12-36DD-426E-A4D1-A4746B8B0DEB}"
EndProject
Global
	GlobalSection(SolutionConfigurationPlatforms) = preSolution
		Debug|Any CPU = Debug|Any CPU
		Release|Any CPU = Release|Any CPU
	EndGlobalSection
	GlobalSection(ProjectConfigurationPlatforms) = postSolution
		{912A6F12-36DD-426E-A4D1-A4746B8B0DEB}.Debug|Any CPU.ActiveCfg = Debug|Any CPU
		{912A6F12-36DD-426E-A4D1-A4746B8B0DEB}.Debug|Any CPU.Build.0 = Debug|Any CPU
		{912A6F12-36DD-426E-A4D1-A4746B8B0DEB}.Release|Any CPU.ActiveCfg = Release|Any CPU
		{912A6F12-36DD-426E-A4D1-A4746B8B0DEB}.Release|Any CPU.Build.0 = Release|Any CPU
	EndGlobalSection
	GlobalSection(SolutionProperties) = preSolution
		HideSolutionNode = FALSE
	EndGlobalSection
	GlobalSection(ExtensibilityGlobals) = postSolution
		SolutionGuid = {1DBA3DAC-D84B-4E12-A49C-9A5509E49067}
	EndGlobalSection
EndGlobal
